
Microsoft Visual Studio Solution File, Format Version 12.00
# Visual Studio 15
VisualStudioVersion = 15.0.26403.7
MinimumVisualStudioVersion = 10.0.40219.1
Project("{2150E333-8FDC-42A3-9474-1A3956D46DE8}") = "src", "src", "{D9D89DB4-A906-4797-A1C9-639F1041197D}"
EndProject
Project("{2150E333-8FDC-42A3-9474-1A3956D46DE8}") = "Solution Items", "Solution Items", "{A4E52211-8973-4B31-B2CB-6EFC06DAEFF0}"
EndProject
Project("{9A19103F-16F7-4668-BE54-9A1E7A4F7556}") = "AccountAtAGlance.Model", "src\AccountAtAGlance.Model\AccountAtAGlance.Model.csproj", "{F467DC39-510D-4E23-9B85-903041CE561E}"
EndProject
Project("{9A19103F-16F7-4668-BE54-9A1E7A4F7556}") = "AccountAtAGlance.Repository", "src\AccountAtAGlance.Repository\AccountAtAGlance.Repository.csproj", "{B0D19ABE-E2F1-4445-93EA-1588FD990B69}"
EndProject
Project("{9A19103F-16F7-4668-BE54-9A1E7A4F7556}") = "AccountAtAGlance", "src\AccountAtAGlance\AccountAtAGlance.csproj", "{3615AF82-AEEE-4362-9DC5-1B59D66234E1}"
EndProject
Global
	GlobalSection(SolutionConfigurationPlatforms) = preSolution
		Debug|Any CPU = Debug|Any CPU
		Release|Any CPU = Release|Any CPU
	EndGlobalSection
	GlobalSection(ProjectConfigurationPlatforms) = postSolution
		{F467DC39-510D-4E23-9B85-903041CE561E}.Debug|Any CPU.ActiveCfg = Debug|Any CPU
		{F467DC39-510D-4E23-9B85-903041CE561E}.Debug|Any CPU.Build.0 = Debug|Any CPU
		{F467DC39-510D-4E23-9B85-903041CE561E}.Release|Any CPU.ActiveCfg = Release|Any CPU
		{F467DC39-510D-4E23-9B85-903041CE561E}.Release|Any CPU.Build.0 = Release|Any CPU
		{B0D19ABE-E2F1-4445-93EA-1588FD990B69}.Debug|Any CPU.ActiveCfg = Debug|Any CPU
		{B0D19ABE-E2F1-4445-93EA-1588FD990B69}.Debug|Any CPU.Build.0 = Debug|Any CPU
		{B0D19ABE-E2F1-4445-93EA-1588FD990B69}.Release|Any CPU.ActiveCfg = Release|Any CPU
		{B0D19ABE-E2F1-4445-93EA-1588FD990B69}.Release|Any CPU.Build.0 = Release|Any CPU
		{3615AF82-AEEE-4362-9DC5-1B59D66234E1}.Debug|Any CPU.ActiveCfg = Debug|Any CPU
		{3615AF82-AEEE-4362-9DC5-1B59D66234E1}.Debug|Any CPU.Build.0 = Debug|Any CPU
		{3615AF82-AEEE-4362-9DC5-1B59D66234E1}.Release|Any CPU.ActiveCfg = Release|Any CPU
		{3615AF82-AEEE-4362-9DC5-1B59D66234E1}.Release|Any CPU.Build.0 = Release|Any CPU
	EndGlobalSection
	GlobalSection(SolutionProperties) = preSolution
		HideSolutionNode = FALSE
	EndGlobalSection
	GlobalSection(NestedProjects) = preSolution
		{F467DC39-510D-4E23-9B85-903041CE561E} = {D9D89DB4-A906-4797-A1C9-639F1041197D}
		{B0D19ABE-E2F1-4445-93EA-1588FD990B69} = {D9D89DB4-A906-4797-A1C9-639F1041197D}
		{3615AF82-AEEE-4362-9DC5-1B59D66234E1} = {D9D89DB4-A906-4797-A1C9-639F1041197D}
	EndGlobalSection
EndGlobal
